
Microsoft Visual Studio Solution File, Format Version 12.00
# Visual Studio Version 17
VisualStudioVersion = 17.14.36414.22
MinimumVisualStudioVersion = 10.0.40219.1
Project("{2150E333-8FDC-42A3-9474-1A3956D46DE8}") = "Tests", "Tests", "{02EA681E-C7D8-13C7-8484-4AC65E1B71E8}"
EndProject
Project("{FAE04EC0-301F-11D3-BF4B-00C04F79EFBC}") = "ShelfMarket.Domain", "src\ShelfMarket.Domain\ShelfMarket.Domain.csproj", "{F9823B59-6D95-4873-A5E4-62CE253E14F2}"
EndProject
Project("{FAE04EC0-301F-11D3-BF4B-00C04F79EFBC}") = "ShelfMarket.Application", "src\ShelfMarket.Application\ShelfMarket.Application.csproj", "{821E646B-E542-407C-B216-E821BB382EDC}"
EndProject
Project("{FAE04EC0-301F-11D3-BF4B-00C04F79EFBC}") = "ShelfMarket.Infrastructure", "src\ShelfMarket.InfraStructure\ShelfMarket.Infrastructure.csproj", "{547E2184-C704-40A2-ADEB-0FB5E8C8AB85}"
EndProject
Project("{FAE04EC0-301F-11D3-BF4B-00C04F79EFBC}") = "ShelfMarket.UI", "src\ShelfMarket.UI\ShelfMarket.UI.csproj", "{9CF2D90F-732E-4F80-8780-1D6E1861DDC8}"
EndProject
Project("{FAE04EC0-301F-11D3-BF4B-00C04F79EFBC}") = "ShelfMarket.Domain.Tests", "tests\ShelfMarket.Domain.Tests\ShelfMarket.Domain.Tests.csproj", "{5B309D40-EB9D-4D34-80E0-8CEAAAC90090}"
EndProject
Project("{FAE04EC0-301F-11D3-BF4B-00C04F79EFBC}") = "ShelfMarket.Application.Tests", "tests\ShelfMarket.Application.Tests\ShelfMarket.Application.Tests.csproj", "{0666CBF1-A075-4307-A488-E9755E8BBE55}"
EndProject
Project("{FAE04EC0-301F-11D3-BF4B-00C04F79EFBC}") = "ShelfMarket.Infrastructure.Tests", "tests\ShelfMarket.Infrastructure.Tests\ShelfMarket.Infrastructure.Tests.csproj", "{84C38453-AD57-4035-AC80-1CF160294FC9}"
EndProject
Project("{2150E333-8FDC-42A3-9474-1A3956D46DE8}") = "Solution Items", "Solution Items", "{93399C27-1127-489C-9E8F-7C803315DE2A}"
	ProjectSection(SolutionItems) = preProject
		docs\DatabaseSchema.md = docs\DatabaseSchema.md
		docs\DCD -mvvm.mmd = docs\DCD -mvvm.mmd
		docs\DCD.mmd = docs\DCD.mmd
		docs\DomainModel.mmd = docs\DomainModel.mmd
		docs\ER.mmd = docs\ER.mmd
	EndProjectSection
EndProject
Project("{2150E333-8FDC-42A3-9474-1A3956D46DE8}") = "sprint-1", "sprint-1", "{523051B1-BB5E-40F5-822A-1F3EB4921370}"
EndProject
Project("{2150E333-8FDC-42A3-9474-1A3956D46DE8}") = "UseCase001-AdministrateShelf", "UseCase001-AdministrateShelf", "{1BC20C78-DCF8-4E66-9101-BDE5E3E1465E}"
	ProjectSection(SolutionItems) = preProject
		docs\sprint-1\UseCase001-AddANewShelf\DatabaseSchema.md = docs\sprint-1\UseCase001-AddANewShelf\DatabaseSchema.md
		docs\sprint-1\UseCase001-AddANewShelf\DatabaseSchema.mmd = docs\sprint-1\UseCase001-AddANewShelf\DatabaseSchema.mmd
		docs\sprint-1\UseCase001-AddANewShelf\DDL.sql = docs\sprint-1\UseCase001-AddANewShelf\DDL.sql
		docs\sprint-1\UseCase001-AddANewShelf\DomainModel.mmd = docs\sprint-1\UseCase001-AddANewShelf\DomainModel.mmd
		docs\sprint-1\UseCase001-AddANewShelf\OC001-AddShelf.md = docs\sprint-1\UseCase001-AddANewShelf\OC001-AddShelf.md
		docs\sprint-1\UseCase001-AddANewShelf\OC002-EditShelf.md = docs\sprint-1\UseCase001-AddANewShelf\OC002-EditShelf.md
		docs\sprint-1\UseCase001-AddANewShelf\OC003-DeleteShelf.md = docs\sprint-1\UseCase001-AddANewShelf\OC003-DeleteShelf.md
		docs\sprint-1\UseCase001-AddANewShelf\OC004-NavigateToFrontPage.md = docs\sprint-1\UseCase001-AddANewShelf\OC004-NavigateToFrontPage.md
		docs\sprint-1\UseCase001-AddANewShelf\UseCase-Brief.md = docs\sprint-1\UseCase001-AddANewShelf\UseCase-Brief.md
		docs\sprint-1\UseCase001-AddANewShelf\UseCase-Casual.md = docs\sprint-1\UseCase001-AddANewShelf\UseCase-Casual.md
		docs\sprint-1\UseCase001-AddANewShelf\UseCase-SSD.mmd = docs\sprint-1\UseCase001-AddANewShelf\UseCase-SSD.mmd
		docs\sprint-1\UseCase001-AddANewShelf\UserStory.md = docs\sprint-1\UseCase001-AddANewShelf\UserStory.md
	EndProjectSection
EndProject
Project("{2150E333-8FDC-42A3-9474-1A3956D46DE8}") = "UseCase005-AdministrateShelfType", "UseCase005-AdministrateShelfType", "{D9BD81E6-E5D0-43A7-8DA6-675A177B603D}"
	ProjectSection(SolutionItems) = preProject
		docs\sprint-1\UseCase005-AdministrateShelfType\DatabaseSchema.md = docs\sprint-1\UseCase005-AdministrateShelfType\DatabaseSchema.md
		docs\sprint-1\UseCase005-AdministrateShelfType\DDL.sql = docs\sprint-1\UseCase005-AdministrateShelfType\DDL.sql
		docs\sprint-1\UseCase005-AdministrateShelfType\DomainModel.mmd = docs\sprint-1\UseCase005-AdministrateShelfType\DomainModel.mmd
		docs\sprint-1\UseCase005-AdministrateShelfType\OC.md = docs\sprint-1\UseCase005-AdministrateShelfType\OC.md
		docs\sprint-1\UseCase005-AdministrateShelfType\SD.mmd = docs\sprint-1\UseCase005-AdministrateShelfType\SD.mmd
		docs\sprint-1\UseCase005-AdministrateShelfType\SSD.mmd = docs\sprint-1\UseCase005-AdministrateShelfType\SSD.mmd
		docs\sprint-1\UseCase005-AdministrateShelfType\UseCase-Brief.md = docs\sprint-1\UseCase005-AdministrateShelfType\UseCase-Brief.md
		docs\sprint-1\UseCase005-AdministrateShelfType\UseCase-Casual.md = docs\sprint-1\UseCase005-AdministrateShelfType\UseCase-Casual.md
		docs\sprint-1\UseCase005-AdministrateShelfType\UserStory.md = docs\sprint-1\UseCase005-AdministrateShelfType\UserStory.md
	EndProjectSection
EndProject
Project("{2150E333-8FDC-42A3-9474-1A3956D46DE8}") = "sprint-2", "sprint-2", "{4829EA2D-97BF-4555-BE22-ADF0BD3765D7}"
EndProject
Project("{2150E333-8FDC-42A3-9474-1A3956D46DE8}") = "UseCase003-AdministrateShelfTenantContract", "UseCase003-AdministrateShelfTenantContract", "{6DBF37D4-22DE-4248-BC08-D0471CB4A8CF}"
	ProjectSection(SolutionItems) = preProject
		docs\sprint-2\UseCase003-AdministrateShelfTenantContract\DatabaseSchema.md = docs\sprint-2\UseCase003-AdministrateShelfTenantContract\DatabaseSchema.md
		docs\sprint-2\UseCase003-AdministrateShelfTenantContract\DCD.mmd = docs\sprint-2\UseCase003-AdministrateShelfTenantContract\DCD.mmd
		docs\sprint-2\UseCase003-AdministrateShelfTenantContract\DDL.sql = docs\sprint-2\UseCase003-AdministrateShelfTenantContract\DDL.sql
		docs\sprint-2\UseCase003-AdministrateShelfTenantContract\DomainModel.mmd = docs\sprint-2\UseCase003-AdministrateShelfTenantContract\DomainModel.mmd
		docs\sprint-2\UseCase003-AdministrateShelfTenantContract\ER.mmd = docs\sprint-2\UseCase003-AdministrateShelfTenantContract\ER.mmd
		docs\sprint-2\UseCase003-AdministrateShelfTenantContract\OC.md = docs\sprint-2\UseCase003-AdministrateShelfTenantContract\OC.md
		docs\sprint-2\UseCase003-AdministrateShelfTenantContract\SD.mmd = docs\sprint-2\UseCase003-AdministrateShelfTenantContract\SD.mmd
		docs\sprint-2\UseCase003-AdministrateShelfTenantContract\SSD.mmd = docs\sprint-2\UseCase003-AdministrateShelfTenantContract\SSD.mmd
		docs\sprint-2\UseCase003-AdministrateShelfTenantContract\UseCase-Brief.md = docs\sprint-2\UseCase003-AdministrateShelfTenantContract\UseCase-Brief.md
		docs\sprint-2\UseCase003-AdministrateShelfTenantContract\UseCase-Casual.md = docs\sprint-2\UseCase003-AdministrateShelfTenantContract\UseCase-Casual.md
		docs\sprint-2\UseCase003-AdministrateShelfTenantContract\UserStory.md = docs\sprint-2\UseCase003-AdministrateShelfTenantContract\UserStory.md
	EndProjectSection
EndProject
Project("{2150E333-8FDC-42A3-9474-1A3956D46DE8}") = "UseCase004-AdministrateSales", "UseCase004-AdministrateSales", "{D8E58712-C94F-4480-B88E-BD3A18BBA471}"
	ProjectSection(SolutionItems) = preProject
		docs\sprint-2\UseCase004-AdministrateSales\DCD.mmd = docs\sprint-2\UseCase004-AdministrateSales\DCD.mmd
		docs\sprint-2\UseCase004-AdministrateSales\DomainModel.mmd = docs\sprint-2\UseCase004-AdministrateSales\DomainModel.mmd
		..\..\..\..\..\HAJFA\Documents\UseCase004 - AdministrateSales - UserStory.md = ..\..\..\..\..\HAJFA\Documents\UseCase004 - AdministrateSales - UserStory.md
	EndProjectSection
EndProject
Project("{2150E333-8FDC-42A3-9474-1A3956D46DE8}") = "sprint-3", "sprint-3", "{641EEC39-0EEA-4ED7-9D08-1D2BD751860F}"
EndProject
Project("{2150E333-8FDC-42A3-9474-1A3956D46DE8}") = "UseCase006-SideMenu", "UseCase006-SideMenu", "{C0916665-D648-425B-BFCE-113B9A4675E2}"
	ProjectSection(SolutionItems) = preProject
		docs\sprint-3\UseCase006-SideMenu\DCD.mmd = docs\sprint-3\UseCase006-SideMenu\DCD.mmd
		docs\sprint-3\UseCase006-SideMenu\OC.md = docs\sprint-3\UseCase006-SideMenu\OC.md
		docs\sprint-3\UseCase006-SideMenu\SD.mmd = docs\sprint-3\UseCase006-SideMenu\SD.mmd
		docs\sprint-3\UseCase006-SideMenu\SSD.mmd = docs\sprint-3\UseCase006-SideMenu\SSD.mmd
		docs\sprint-3\UseCase006-SideMenu\UseCase-Brief.md = docs\sprint-3\UseCase006-SideMenu\UseCase-Brief.md
		docs\sprint-3\UseCase006-SideMenu\UseCase-Casual.md = docs\sprint-3\UseCase006-SideMenu\UseCase-Casual.md
		docs\sprint-3\UseCase006-SideMenu\UserStory.md = docs\sprint-3\UseCase006-SideMenu\UserStory.md
	EndProjectSection
EndProject
Project("{2150E333-8FDC-42A3-9474-1A3956D46DE8}") = "sql", "sql", "{5A48367B-8066-4746-8BC2-76CEA83A5F4B}"
	ProjectSection(SolutionItems) = preProject
		docs\sql\DDL.v1.sql = docs\sql\DDL.v1.sql
		docs\sql\DML.v1.sql = docs\sql\DML.v1.sql
		docs\sql\USP.v1.sql = docs\sql\USP.v1.sql
		docs\sql\View.v1.sql = docs\sql\View.v1.sql
	EndProjectSection
EndProject
Project("{2150E333-8FDC-42A3-9474-1A3956D46DE8}") = "UseCare002-AdministrateShelfTenant", "UseCare002-AdministrateShelfTenant", "{0714F7E3-4326-4494-B2EC-E10DDD5489A6}"
	ProjectSection(SolutionItems) = preProject
		docs\sprint-3\UseCase002-AdministrateShelfTenant\Use Case002 - Administrerer reol lejer - UCBrief.md = docs\sprint-3\UseCase002-AdministrateShelfTenant\Use Case002 - Administrerer reol lejer - UCBrief.md
		docs\sprint-3\UseCase002-AdministrateShelfTenant\Use Case002 - Administrerer reol lejer - UCCausal.md = docs\sprint-3\UseCase002-AdministrateShelfTenant\Use Case002 - Administrerer reol lejer - UCCausal.md
		Use Case002 - DCD.mmd = Use Case002 - DCD.mmd
		docs\sprint-3\UseCase002-AdministrateShelfTenant\Use Case002 - Domain Model.mmd = docs\sprint-3\UseCase002-AdministrateShelfTenant\Use Case002 - Domain Model.mmd
		docs\sprint-3\UseCase002-AdministrateShelfTenant\Use Case002 - Operation Contract CRUDShelfTenant.md = docs\sprint-3\UseCase002-AdministrateShelfTenant\Use Case002 - Operation Contract CRUDShelfTenant.md
		docs\sprint-3\UseCase002-AdministrateShelfTenant\Use case002 - sequenceDiagram.mmd = docs\sprint-3\UseCase002-AdministrateShelfTenant\Use case002 - sequenceDiagram.mmd
		docs\sprint-3\UseCase002-AdministrateShelfTenant\Use Case002 - SSD.mmd = docs\sprint-3\UseCase002-AdministrateShelfTenant\Use Case002 - SSD.mmd
		Use Case002 - UserStory.md = Use Case002 - UserStory.md
	EndProjectSection
EndProject
Global
	GlobalSection(SolutionConfigurationPlatforms) = preSolution
		Debug|Any CPU = Debug|Any CPU
		Release|Any CPU = Release|Any CPU
	EndGlobalSection
	GlobalSection(ProjectConfigurationPlatforms) = postSolution
		{F9823B59-6D95-4873-A5E4-62CE253E14F2}.Debug|Any CPU.ActiveCfg = Debug|Any CPU
		{F9823B59-6D95-4873-A5E4-62CE253E14F2}.Debug|Any CPU.Build.0 = Debug|Any CPU
		{F9823B59-6D95-4873-A5E4-62CE253E14F2}.Release|Any CPU.ActiveCfg = Release|Any CPU
		{F9823B59-6D95-4873-A5E4-62CE253E14F2}.Release|Any CPU.Build.0 = Release|Any CPU
		{821E646B-E542-407C-B216-E821BB382EDC}.Debug|Any CPU.ActiveCfg = Debug|Any CPU
		{821E646B-E542-407C-B216-E821BB382EDC}.Debug|Any CPU.Build.0 = Debug|Any CPU
		{821E646B-E542-407C-B216-E821BB382EDC}.Release|Any CPU.ActiveCfg = Release|Any CPU
		{821E646B-E542-407C-B216-E821BB382EDC}.Release|Any CPU.Build.0 = Release|Any CPU
		{547E2184-C704-40A2-ADEB-0FB5E8C8AB85}.Debug|Any CPU.ActiveCfg = Debug|Any CPU
		{547E2184-C704-40A2-ADEB-0FB5E8C8AB85}.Debug|Any CPU.Build.0 = Debug|Any CPU
		{547E2184-C704-40A2-ADEB-0FB5E8C8AB85}.Release|Any CPU.ActiveCfg = Release|Any CPU
		{547E2184-C704-40A2-ADEB-0FB5E8C8AB85}.Release|Any CPU.Build.0 = Release|Any CPU
		{9CF2D90F-732E-4F80-8780-1D6E1861DDC8}.Debug|Any CPU.ActiveCfg = Debug|Any CPU
		{9CF2D90F-732E-4F80-8780-1D6E1861DDC8}.Debug|Any CPU.Build.0 = Debug|Any CPU
		{9CF2D90F-732E-4F80-8780-1D6E1861DDC8}.Release|Any CPU.ActiveCfg = Release|Any CPU
		{9CF2D90F-732E-4F80-8780-1D6E1861DDC8}.Release|Any CPU.Build.0 = Release|Any CPU
		{5B309D40-EB9D-4D34-80E0-8CEAAAC90090}.Debug|Any CPU.ActiveCfg = Debug|Any CPU
		{5B309D40-EB9D-4D34-80E0-8CEAAAC90090}.Debug|Any CPU.Build.0 = Debug|Any CPU
		{5B309D40-EB9D-4D34-80E0-8CEAAAC90090}.Release|Any CPU.ActiveCfg = Release|Any CPU
		{5B309D40-EB9D-4D34-80E0-8CEAAAC90090}.Release|Any CPU.Build.0 = Release|Any CPU
		{0666CBF1-A075-4307-A488-E9755E8BBE55}.Debug|Any CPU.ActiveCfg = Debug|Any CPU
		{0666CBF1-A075-4307-A488-E9755E8BBE55}.Debug|Any CPU.Build.0 = Debug|Any CPU
		{0666CBF1-A075-4307-A488-E9755E8BBE55}.Release|Any CPU.ActiveCfg = Release|Any CPU
		{0666CBF1-A075-4307-A488-E9755E8BBE55}.Release|Any CPU.Build.0 = Release|Any CPU
		{84C38453-AD57-4035-AC80-1CF160294FC9}.Debug|Any CPU.ActiveCfg = Debug|Any CPU
		{84C38453-AD57-4035-AC80-1CF160294FC9}.Debug|Any CPU.Build.0 = Debug|Any CPU
		{84C38453-AD57-4035-AC80-1CF160294FC9}.Release|Any CPU.ActiveCfg = Release|Any CPU
		{84C38453-AD57-4035-AC80-1CF160294FC9}.Release|Any CPU.Build.0 = Release|Any CPU
	EndGlobalSection
	GlobalSection(SolutionProperties) = preSolution
		HideSolutionNode = FALSE
	EndGlobalSection
	GlobalSection(NestedProjects) = preSolution
		{5B309D40-EB9D-4D34-80E0-8CEAAAC90090} = {02EA681E-C7D8-13C7-8484-4AC65E1B71E8}
		{0666CBF1-A075-4307-A488-E9755E8BBE55} = {02EA681E-C7D8-13C7-8484-4AC65E1B71E8}
		{84C38453-AD57-4035-AC80-1CF160294FC9} = {02EA681E-C7D8-13C7-8484-4AC65E1B71E8}
		{523051B1-BB5E-40F5-822A-1F3EB4921370} = {93399C27-1127-489C-9E8F-7C803315DE2A}
		{1BC20C78-DCF8-4E66-9101-BDE5E3E1465E} = {523051B1-BB5E-40F5-822A-1F3EB4921370}
		{D9BD81E6-E5D0-43A7-8DA6-675A177B603D} = {523051B1-BB5E-40F5-822A-1F3EB4921370}
		{4829EA2D-97BF-4555-BE22-ADF0BD3765D7} = {93399C27-1127-489C-9E8F-7C803315DE2A}
		{6DBF37D4-22DE-4248-BC08-D0471CB4A8CF} = {4829EA2D-97BF-4555-BE22-ADF0BD3765D7}
		{D8E58712-C94F-4480-B88E-BD3A18BBA471} = {4829EA2D-97BF-4555-BE22-ADF0BD3765D7}
		{641EEC39-0EEA-4ED7-9D08-1D2BD751860F} = {93399C27-1127-489C-9E8F-7C803315DE2A}
		{C0916665-D648-425B-BFCE-113B9A4675E2} = {641EEC39-0EEA-4ED7-9D08-1D2BD751860F}
		{5A48367B-8066-4746-8BC2-76CEA83A5F4B} = {93399C27-1127-489C-9E8F-7C803315DE2A}
		{0714F7E3-4326-4494-B2EC-E10DDD5489A6} = {641EEC39-0EEA-4ED7-9D08-1D2BD751860F}
	EndGlobalSection
	GlobalSection(ExtensibilityGlobals) = postSolution
		SolutionGuid = {9E3670BE-F107-4641-8608-598441D3E901}
	EndGlobalSection
EndGlobal
