
Microsoft Visual Studio Solution File, Format Version 12.00
# Visual Studio Version 17
VisualStudioVersion = 17.14.36414.22
MinimumVisualStudioVersion = 10.0.40219.1
Project("{2150E333-8FDC-42A3-9474-1A3956D46DE8}") = "Tests", "Tests", "{02EA681E-C7D8-13C7-8484-4AC65E1B71E8}"
EndProject
Project("{FAE04EC0-301F-11D3-BF4B-00C04F79EFBC}") = "ShelfMarket.Domain", "src\ShelfMarket.Domain\ShelfMarket.Domain.csproj", "{F9823B59-6D95-4873-A5E4-62CE253E14F2}"
EndProject
Project("{FAE04EC0-301F-11D3-BF4B-00C04F79EFBC}") = "ShelfMarket.Application", "src\ShelfMarket.Application\ShelfMarket.Application.csproj", "{821E646B-E542-407C-B216-E821BB382EDC}"
EndProject
Project("{FAE04EC0-301F-11D3-BF4B-00C04F79EFBC}") = "ShelfMarket.Infrastructure", "src\ShelfMarket.InfraStructure\ShelfMarket.Infrastructure.csproj", "{547E2184-C704-40A2-ADEB-0FB5E8C8AB85}"
EndProject
Project("{FAE04EC0-301F-11D3-BF4B-00C04F79EFBC}") = "ShelfMarket.UI", "src\ShelfMarket.UI\ShelfMarket.UI.csproj", "{9CF2D90F-732E-4F80-8780-1D6E1861DDC8}"
EndProject
Project("{FAE04EC0-301F-11D3-BF4B-00C04F79EFBC}") = "ShelfMarket.Domain.Tests", "tests\ShelfMarket.Domain.Tests\ShelfMarket.Domain.Tests.csproj", "{5B309D40-EB9D-4D34-80E0-8CEAAAC90090}"
EndProject
Project("{FAE04EC0-301F-11D3-BF4B-00C04F79EFBC}") = "ShelfMarket.Application.Tests", "tests\ShelfMarket.Application.Tests\ShelfMarket.Application.Tests.csproj", "{0666CBF1-A075-4307-A488-E9755E8BBE55}"
EndProject
Project("{FAE04EC0-301F-11D3-BF4B-00C04F79EFBC}") = "ShelfMarket.Infrastructure.Tests", "tests\ShelfMarket.Infrastructure.Tests\ShelfMarket.Infrastructure.Tests.csproj", "{84C38453-AD57-4035-AC80-1CF160294FC9}"
EndProject
Project("{2150E333-8FDC-42A3-9474-1A3956D46DE8}") = "Solution Items", "Solution Items", "{93399C27-1127-489C-9E8F-7C803315DE2A}"
	ProjectSection(SolutionItems) = preProject
		docs\DCD.mmd = docs\DCD.mmd
		docs\DomainModel.mmd = docs\DomainModel.mmd
	EndProjectSection
EndProject
Project("{2150E333-8FDC-42A3-9474-1A3956D46DE8}") = "sprint-1", "sprint-1", "{523051B1-BB5E-40F5-822A-1F3EB4921370}"
EndProject
Project("{2150E333-8FDC-42A3-9474-1A3956D46DE8}") = "UseCase001-AddANewShelf", "UseCase001-AddANewShelf", "{1BC20C78-DCF8-4E66-9101-BDE5E3E1465E}"
	ProjectSection(SolutionItems) = preProject
		docs\sprint-1\UseCase001-AddANewShelf\DomainModel.mmd = docs\sprint-1\UseCase001-AddANewShelf\DomainModel.mmd
		docs\sprint-1\UseCase001-AddANewShelf\OC001-AddShelf.md = docs\sprint-1\UseCase001-AddANewShelf\OC001-AddShelf.md
		docs\sprint-1\UseCase001-AddANewShelf\OC002-EditShelf.md = docs\sprint-1\UseCase001-AddANewShelf\OC002-EditShelf.md
		docs\sprint-1\UseCase001-AddANewShelf\OC003-DeleteShelf.md = docs\sprint-1\UseCase001-AddANewShelf\OC003-DeleteShelf.md
		docs\sprint-1\UseCase001-AddANewShelf\OC004-NavigateToFrontPage.md = docs\sprint-1\UseCase001-AddANewShelf\OC004-NavigateToFrontPage.md
		docs\sprint-1\UseCase001-AddANewShelf\UseCase-Brief.md = docs\sprint-1\UseCase001-AddANewShelf\UseCase-Brief.md
		docs\sprint-1\UseCase001-AddANewShelf\UseCase-Casual.md = docs\sprint-1\UseCase001-AddANewShelf\UseCase-Casual.md
		docs\sprint-1\UseCase001-AddANewShelf\UseCase-SSD.mmd = docs\sprint-1\UseCase001-AddANewShelf\UseCase-SSD.mmd
		docs\sprint-1\UseCase001-AddANewShelf\UserStory.md = docs\sprint-1\UseCase001-AddANewShelf\UserStory.md
	EndProjectSection
EndProject
Project("{2150E333-8FDC-42A3-9474-1A3956D46DE8}") = "UseCase005-AdministrateShelfType", "UseCase005-AdministrateShelfType", "{D9BD81E6-E5D0-43A7-8DA6-675A177B603D}"
	ProjectSection(SolutionItems) = preProject
		docs\sprint-1\UseCase005-AdministrateShelfType\DomainModel.mmd = docs\sprint-1\UseCase005-AdministrateShelfType\DomainModel.mmd
		docs\sprint-1\UseCase005-AdministrateShelfType\OC001-AddShelfType.md = docs\sprint-1\UseCase005-AdministrateShelfType\OC001-AddShelfType.md
		docs\sprint-1\UseCase005-AdministrateShelfType\OC002-EditShelfType.md = docs\sprint-1\UseCase005-AdministrateShelfType\OC002-EditShelfType.md
		docs\sprint-1\UseCase005-AdministrateShelfType\OC003-DeleteShelfType.md = docs\sprint-1\UseCase005-AdministrateShelfType\OC003-DeleteShelfType.md
		docs\sprint-1\UseCase005-AdministrateShelfType\OC004-NavigateToFrontPage.md = docs\sprint-1\UseCase005-AdministrateShelfType\OC004-NavigateToFrontPage.md
		docs\sprint-1\UseCase005-AdministrateShelfType\SD.mmd = docs\sprint-1\UseCase005-AdministrateShelfType\SD.mmd
		docs\sprint-1\UseCase005-AdministrateShelfType\UseCase-Brief.md = docs\sprint-1\UseCase005-AdministrateShelfType\UseCase-Brief.md
		docs\sprint-1\UseCase005-AdministrateShelfType\UseCase-Casual.md = docs\sprint-1\UseCase005-AdministrateShelfType\UseCase-Casual.md
		docs\sprint-1\UseCase005-AdministrateShelfType\UseCase-SSD.mmd = docs\sprint-1\UseCase005-AdministrateShelfType\UseCase-SSD.mmd
		docs\sprint-1\UseCase005-AdministrateShelfType\UserStory.md = docs\sprint-1\UseCase005-AdministrateShelfType\UserStory.md
	EndProjectSection
EndProject
Global
	GlobalSection(SolutionConfigurationPlatforms) = preSolution
		Debug|Any CPU = Debug|Any CPU
		Release|Any CPU = Release|Any CPU
	EndGlobalSection
	GlobalSection(ProjectConfigurationPlatforms) = postSolution
		{F9823B59-6D95-4873-A5E4-62CE253E14F2}.Debug|Any CPU.ActiveCfg = Debug|Any CPU
		{F9823B59-6D95-4873-A5E4-62CE253E14F2}.Debug|Any CPU.Build.0 = Debug|Any CPU
		{F9823B59-6D95-4873-A5E4-62CE253E14F2}.Release|Any CPU.ActiveCfg = Release|Any CPU
		{F9823B59-6D95-4873-A5E4-62CE253E14F2}.Release|Any CPU.Build.0 = Release|Any CPU
		{821E646B-E542-407C-B216-E821BB382EDC}.Debug|Any CPU.ActiveCfg = Debug|Any CPU
		{821E646B-E542-407C-B216-E821BB382EDC}.Debug|Any CPU.Build.0 = Debug|Any CPU
		{821E646B-E542-407C-B216-E821BB382EDC}.Release|Any CPU.ActiveCfg = Release|Any CPU
		{821E646B-E542-407C-B216-E821BB382EDC}.Release|Any CPU.Build.0 = Release|Any CPU
		{547E2184-C704-40A2-ADEB-0FB5E8C8AB85}.Debug|Any CPU.ActiveCfg = Debug|Any CPU
		{547E2184-C704-40A2-ADEB-0FB5E8C8AB85}.Debug|Any CPU.Build.0 = Debug|Any CPU
		{547E2184-C704-40A2-ADEB-0FB5E8C8AB85}.Release|Any CPU.ActiveCfg = Release|Any CPU
		{547E2184-C704-40A2-ADEB-0FB5E8C8AB85}.Release|Any CPU.Build.0 = Release|Any CPU
		{9CF2D90F-732E-4F80-8780-1D6E1861DDC8}.Debug|Any CPU.ActiveCfg = Debug|Any CPU
		{9CF2D90F-732E-4F80-8780-1D6E1861DDC8}.Debug|Any CPU.Build.0 = Debug|Any CPU
		{9CF2D90F-732E-4F80-8780-1D6E1861DDC8}.Release|Any CPU.ActiveCfg = Release|Any CPU
		{9CF2D90F-732E-4F80-8780-1D6E1861DDC8}.Release|Any CPU.Build.0 = Release|Any CPU
		{5B309D40-EB9D-4D34-80E0-8CEAAAC90090}.Debug|Any CPU.ActiveCfg = Debug|Any CPU
		{5B309D40-EB9D-4D34-80E0-8CEAAAC90090}.Debug|Any CPU.Build.0 = Debug|Any CPU
		{5B309D40-EB9D-4D34-80E0-8CEAAAC90090}.Release|Any CPU.ActiveCfg = Release|Any CPU
		{5B309D40-EB9D-4D34-80E0-8CEAAAC90090}.Release|Any CPU.Build.0 = Release|Any CPU
		{0666CBF1-A075-4307-A488-E9755E8BBE55}.Debug|Any CPU.ActiveCfg = Debug|Any CPU
		{0666CBF1-A075-4307-A488-E9755E8BBE55}.Debug|Any CPU.Build.0 = Debug|Any CPU
		{0666CBF1-A075-4307-A488-E9755E8BBE55}.Release|Any CPU.ActiveCfg = Release|Any CPU
		{0666CBF1-A075-4307-A488-E9755E8BBE55}.Release|Any CPU.Build.0 = Release|Any CPU
		{84C38453-AD57-4035-AC80-1CF160294FC9}.Debug|Any CPU.ActiveCfg = Debug|Any CPU
		{84C38453-AD57-4035-AC80-1CF160294FC9}.Debug|Any CPU.Build.0 = Debug|Any CPU
		{84C38453-AD57-4035-AC80-1CF160294FC9}.Release|Any CPU.ActiveCfg = Release|Any CPU
		{84C38453-AD57-4035-AC80-1CF160294FC9}.Release|Any CPU.Build.0 = Release|Any CPU
	EndGlobalSection
	GlobalSection(SolutionProperties) = preSolution
		HideSolutionNode = FALSE
	EndGlobalSection
	GlobalSection(NestedProjects) = preSolution
		{5B309D40-EB9D-4D34-80E0-8CEAAAC90090} = {02EA681E-C7D8-13C7-8484-4AC65E1B71E8}
		{0666CBF1-A075-4307-A488-E9755E8BBE55} = {02EA681E-C7D8-13C7-8484-4AC65E1B71E8}
		{84C38453-AD57-4035-AC80-1CF160294FC9} = {02EA681E-C7D8-13C7-8484-4AC65E1B71E8}
		{523051B1-BB5E-40F5-822A-1F3EB4921370} = {93399C27-1127-489C-9E8F-7C803315DE2A}
		{1BC20C78-DCF8-4E66-9101-BDE5E3E1465E} = {523051B1-BB5E-40F5-822A-1F3EB4921370}
		{D9BD81E6-E5D0-43A7-8DA6-675A177B603D} = {523051B1-BB5E-40F5-822A-1F3EB4921370}
	EndGlobalSection
	GlobalSection(ExtensibilityGlobals) = postSolution
		SolutionGuid = {9E3670BE-F107-4641-8608-598441D3E901}
	EndGlobalSection
EndGlobal
